
Microsoft Visual Studio Solution File, Format Version 12.00
# Visual Studio 15
VisualStudioVersion = 15.0.27130.2036
MinimumVisualStudioVersion = 10.0.40219.1
Project("{8BC9CEB8-8B4A-11D0-8D11-00A0C91BC942}") = "d3d9", "d3d9\d3d9.vcxproj", "{F94DACB0-1C6A-4571-9D4E-94B886AD6569}"
EndProject
Project("{8BC9CEB8-8B4A-11D0-8D11-00A0C91BC942}") = "Plugin", "Plugin\Plugin.vcxproj", "{309D1562-E4CA-4C90-9582-61A4BC0D83DF}"
EndProject
Project("{8BC9CEB8-8B4A-11D0-8D11-00A0C91BC942}") = "CharsetGen", "CharsetGen\CharsetGen.vcxproj", "{221AA81A-8E66-49EB-8496-591A7BC06105}"
EndProject
Global
	GlobalSection(SolutionConfigurationPlatforms) = preSolution
		Debug|x64 = Debug|x64
		Debug|x86 = Debug|x86
		Release|x64 = Release|x64
		Release|x86 = Release|x86
	EndGlobalSection
	GlobalSection(ProjectConfigurationPlatforms) = postSolution
		{F94DACB0-1C6A-4571-9D4E-94B886AD6569}.Debug|x64.ActiveCfg = Debug|x64
		{F94DACB0-1C6A-4571-9D4E-94B886AD6569}.Debug|x64.Build.0 = Debug|x64
		{F94DACB0-1C6A-4571-9D4E-94B886AD6569}.Debug|x86.ActiveCfg = Release|Win32
		{F94DACB0-1C6A-4571-9D4E-94B886AD6569}.Debug|x86.Build.0 = Release|Win32
		{F94DACB0-1C6A-4571-9D4E-94B886AD6569}.Release|x64.ActiveCfg = Release|x64
		{F94DACB0-1C6A-4571-9D4E-94B886AD6569}.Release|x64.Build.0 = Release|x64
		{F94DACB0-1C6A-4571-9D4E-94B886AD6569}.Release|x86.ActiveCfg = Release|Win32
		{F94DACB0-1C6A-4571-9D4E-94B886AD6569}.Release|x86.Build.0 = Release|Win32
		{309D1562-E4CA-4C90-9582-61A4BC0D83DF}.Debug|x64.ActiveCfg = Debug|x64
		{309D1562-E4CA-4C90-9582-61A4BC0D83DF}.Debug|x64.Build.0 = Debug|x64
		{309D1562-E4CA-4C90-9582-61A4BC0D83DF}.Debug|x86.ActiveCfg = Debug|Win32
		{309D1562-E4CA-4C90-9582-61A4BC0D83DF}.Debug|x86.Build.0 = Debug|Win32
		{309D1562-E4CA-4C90-9582-61A4BC0D83DF}.Release|x64.ActiveCfg = Release|x64
		{309D1562-E4CA-4C90-9582-61A4BC0D83DF}.Release|x64.Build.0 = Release|x64
		{309D1562-E4CA-4C90-9582-61A4BC0D83DF}.Release|x86.ActiveCfg = Release|Win32
		{309D1562-E4CA-4C90-9582-61A4BC0D83DF}.Release|x86.Build.0 = Release|Win32
		{221AA81A-8E66-49EB-8496-591A7BC06105}.Debug|x64.ActiveCfg = Debug|x64
		{221AA81A-8E66-49EB-8496-591A7BC06105}.Debug|x64.Build.0 = Debug|x64
		{221AA81A-8E66-49EB-8496-591A7BC06105}.Debug|x86.ActiveCfg = Debug|Win32
		{221AA81A-8E66-49EB-8496-591A7BC06105}.Debug|x86.Build.0 = Debug|Win32
		{221AA81A-8E66-49EB-8496-591A7BC06105}.Release|x64.ActiveCfg = Release|x64
		{221AA81A-8E66-49EB-8496-591A7BC06105}.Release|x64.Build.0 = Release|x64
		{221AA81A-8E66-49EB-8496-591A7BC06105}.Release|x86.ActiveCfg = Release|Win32
		{221AA81A-8E66-49EB-8496-591A7BC06105}.Release|x86.Build.0 = Release|Win32
	EndGlobalSection
	GlobalSection(SolutionProperties) = preSolution
		HideSolutionNode = FALSE
	EndGlobalSection
	GlobalSection(ExtensibilityGlobals) = postSolution
		SolutionGuid = {AFE77B83-7F0F-420A-AE61-D0CD7B55C78D}
	EndGlobalSection
EndGlobal
